
Microsoft Visual Studio Solution File, Format Version 12.00
# Visual Studio Version 16
VisualStudioVersion = 16.0.31112.23
MinimumVisualStudioVersion = 10.0.40219.1
Project("{FAE04EC0-301F-11D3-BF4B-00C04F79EFBC}") = "ex29", "ex29.csproj", "{B553DFE3-BF45-4B0E-B3DB-B2533697EB8A}"
EndProject
Global
	GlobalSection(SolutionConfigurationPlatforms) = preSolution
		Debug|Any CPU = Debug|Any CPU
		Release|Any CPU = Release|Any CPU
	EndGlobalSection
	GlobalSection(ProjectConfigurationPlatforms) = postSolution
		{B553DFE3-BF45-4B0E-B3DB-B2533697EB8A}.Debug|Any CPU.ActiveCfg = Debug|Any CPU
		{B553DFE3-BF45-4B0E-B3DB-B2533697EB8A}.Debug|Any CPU.Build.0 = Debug|Any CPU
		{B553DFE3-BF45-4B0E-B3DB-B2533697EB8A}.Release|Any CPU.ActiveCfg = Release|Any CPU
		{B553DFE3-BF45-4B0E-B3DB-B2533697EB8A}.Release|Any CPU.Build.0 = Release|Any CPU
	EndGlobalSection
	GlobalSection(SolutionProperties) = preSolution
		HideSolutionNode = FALSE
	EndGlobalSection
	GlobalSection(ExtensibilityGlobals) = postSolution
		SolutionGuid = {EE1628D9-9F68-4BEB-8AB8-B27DF7149473}
	EndGlobalSection
EndGlobal
