
Microsoft Visual Studio Solution File, Format Version 12.00
# Visual Studio Version 16
VisualStudioVersion = 16.0.31112.23
MinimumVisualStudioVersion = 10.0.40219.1
Project("{FAE04EC0-301F-11D3-BF4B-00C04F79EFBC}") = "ex4", "ex4.csproj", "{8D36D72A-CA8D-4FDC-BFEB-21D05E129337}"
EndProject
Global
	GlobalSection(SolutionConfigurationPlatforms) = preSolution
		Debug|Any CPU = Debug|Any CPU
		Release|Any CPU = Release|Any CPU
	EndGlobalSection
	GlobalSection(ProjectConfigurationPlatforms) = postSolution
		{8D36D72A-CA8D-4FDC-BFEB-21D05E129337}.Debug|Any CPU.ActiveCfg = Debug|Any CPU
		{8D36D72A-CA8D-4FDC-BFEB-21D05E129337}.Debug|Any CPU.Build.0 = Debug|Any CPU
		{8D36D72A-CA8D-4FDC-BFEB-21D05E129337}.Release|Any CPU.ActiveCfg = Release|Any CPU
		{8D36D72A-CA8D-4FDC-BFEB-21D05E129337}.Release|Any CPU.Build.0 = Release|Any CPU
	EndGlobalSection
	GlobalSection(SolutionProperties) = preSolution
		HideSolutionNode = FALSE
	EndGlobalSection
	GlobalSection(ExtensibilityGlobals) = postSolution
		SolutionGuid = {73C60D8A-6BF3-4DD9-B797-AABC7A403B0D}
	EndGlobalSection
EndGlobal
